
Microsoft Visual Studio Solution File, Format Version 12.00
# Visual Studio Version 17
VisualStudioVersion = 17.7.34221.43
MinimumVisualStudioVersion = 10.0.40219.1
Project("{FAE04EC0-301F-11D3-BF4B-00C04F79EFBC}") = "Assignment-14", "Assignment-14\Assignment-14.csproj", "{7EB237FB-431A-4720-9A1A-910DCA49331C}"
EndProject
Global
	GlobalSection(SolutionConfigurationPlatforms) = preSolution
		Debug|Any CPU = Debug|Any CPU
		Release|Any CPU = Release|Any CPU
	EndGlobalSection
	GlobalSection(ProjectConfigurationPlatforms) = postSolution
		{7EB237FB-431A-4720-9A1A-910DCA49331C}.Debug|Any CPU.ActiveCfg = Debug|Any CPU
		{7EB237FB-431A-4720-9A1A-910DCA49331C}.Debug|Any CPU.Build.0 = Debug|Any CPU
		{7EB237FB-431A-4720-9A1A-910DCA49331C}.Release|Any CPU.ActiveCfg = Release|Any CPU
		{7EB237FB-431A-4720-9A1A-910DCA49331C}.Release|Any CPU.Build.0 = Release|Any CPU
	EndGlobalSection
	GlobalSection(SolutionProperties) = preSolution
		HideSolutionNode = FALSE
	EndGlobalSection
	GlobalSection(ExtensibilityGlobals) = postSolution
		SolutionGuid = {F42E988B-17E7-4079-9247-6E6445FCC81A}
	EndGlobalSection
EndGlobal
